
Microsoft Visual Studio Solution File, Format Version 12.00
# Visual Studio Version 16
VisualStudioVersion = 16.0.31205.134
MinimumVisualStudioVersion = 10.0.40219.1
Project("{FAE04EC0-301F-11D3-BF4B-00C04F79EFBC}") = "Observer", "Observer\Observer.csproj", "{013007F0-31D0-412C-B5F7-1064FA2920BF}"
EndProject
Global
	GlobalSection(SolutionConfigurationPlatforms) = preSolution
		Debug|Any CPU = Debug|Any CPU
		Release|Any CPU = Release|Any CPU
	EndGlobalSection
	GlobalSection(ProjectConfigurationPlatforms) = postSolution
		{013007F0-31D0-412C-B5F7-1064FA2920BF}.Debug|Any CPU.ActiveCfg = Debug|Any CPU
		{013007F0-31D0-412C-B5F7-1064FA2920BF}.Debug|Any CPU.Build.0 = Debug|Any CPU
		{013007F0-31D0-412C-B5F7-1064FA2920BF}.Release|Any CPU.ActiveCfg = Release|Any CPU
		{013007F0-31D0-412C-B5F7-1064FA2920BF}.Release|Any CPU.Build.0 = Release|Any CPU
	EndGlobalSection
	GlobalSection(SolutionProperties) = preSolution
		HideSolutionNode = FALSE
	EndGlobalSection
	GlobalSection(ExtensibilityGlobals) = postSolution
		SolutionGuid = {42090EF9-96E5-460B-B160-D687C373C56D}
	EndGlobalSection
EndGlobal
